
Microsoft Visual Studio Solution File, Format Version 12.00
# Visual Studio 14
VisualStudioVersion = 14.0.25420.1
MinimumVisualStudioVersion = 10.0.40219.1
Project("{2150E333-8FDC-42A3-9474-1A3956D46DE8}") = ".test", ".test", "{D3C17830-A461-4BA5-A672-461B19B33936}"
	ProjectSection(SolutionItems) = preProject
		NEventStore.Persistence.AcceptanceTests\PersistenceTests.cs = NEventStore.Persistence.AcceptanceTests\PersistenceTests.cs
		NEventStore.Persistence.AcceptanceTests\SerializationTests.cs = NEventStore.Persistence.AcceptanceTests\SerializationTests.cs
	EndProjectSection
EndProject
Project("{FAE04EC0-301F-11D3-BF4B-00C04F79EFBC}") = "NEventStore", "NEventStore\NEventStore.csproj", "{03946843-F343-419C-88EF-3E446D08DFA6}"
EndProject
Project("{2150E333-8FDC-42A3-9474-1A3956D46DE8}") = ".doc", ".doc", "{CD37080A-F48D-4E5D-B7C6-B9F86BB05A38}"
	ProjectSection(SolutionItems) = preProject
		..\readme.markdown = ..\readme.markdown
	EndProjectSection
EndProject
Project("{2150E333-8FDC-42A3-9474-1A3956D46DE8}") = "serialization", "serialization", "{52F7988F-452D-46C2-A144-D85E0CF371C6}"
EndProject
Project("{2150E333-8FDC-42A3-9474-1A3956D46DE8}") = ".nuget", ".nuget", "{08A28C69-B04C-4622-8BF7-C9C4C410E64C}"
	ProjectSection(SolutionItems) = preProject
		.nuget\NEventStore.nuspec = .nuget\NEventStore.nuspec
		.nuget\NuGet.Config = .nuget\NuGet.Config
		.nuget\NuGet.targets = .nuget\NuGet.targets
	EndProjectSection
EndProject
Project("{FAE04EC0-301F-11D3-BF4B-00C04F79EFBC}") = "NEventStore.Persistence.AcceptanceTests", "NEventStore.Persistence.AcceptanceTests\NEventStore.Persistence.AcceptanceTests.csproj", "{3FE594FE-16FF-4405-97D5-5A58FB12520B}"
EndProject
Project("{2150E333-8FDC-42A3-9474-1A3956D46DE8}") = "core", "core", "{D35087BF-941A-49EA-96A8-B10457C4D169}"
EndProject
Project("{FAE04EC0-301F-11D3-BF4B-00C04F79EFBC}") = "NEventStore.Serialization.Binary.Tests", "NEventStore.Serialization.Binary.Tests\NEventStore.Serialization.Binary.Tests.csproj", "{41BD8E8F-F530-48CB-A07B-92E65C8C742E}"
EndProject
Project("{FAE04EC0-301F-11D3-BF4B-00C04F79EFBC}") = "NEventStore.Serialization.Gzip.Tests", "NEventStore.Serialization.Gzip.Tests\NEventStore.Serialization.Gzip.Tests.csproj", "{C6BFE4FC-4017-438B-AE99-D4D6F6FC4FE5}"
EndProject
Project("{FAE04EC0-301F-11D3-BF4B-00C04F79EFBC}") = "NEventStore.Serialization.Rijndael.Tests", "NEventStore.Serialization.Rijndael.Tests\NEventStore.Serialization.Rijndael.Tests.csproj", "{76554E1F-CAE0-41EB-9C92-A47EC7188714}"
EndProject
Project("{FAE04EC0-301F-11D3-BF4B-00C04F79EFBC}") = "NEventStore.Serialization.Json.Tests", "NEventStore.Serialization.Json.Tests\NEventStore.Serialization.Json.Tests.csproj", "{5BC2809F-2CC0-4152-A3D6-4BF729349103}"
EndProject
Project("{FAE04EC0-301F-11D3-BF4B-00C04F79EFBC}") = "NEventStore.Serialization.Bson.Tests", "NEventStore.Serialization.Bson.Tests\NEventStore.Serialization.Bson.Tests.csproj", "{ED77D452-FE7B-4149-8680-348740DA7B67}"
EndProject
Project("{FAE04EC0-301F-11D3-BF4B-00C04F79EFBC}") = "NEventStore.Tests", "NEventStore.Tests\NEventStore.Tests.csproj", "{785B7EF4-BD47-4F98-9802-DA1C4A55ECA4}"
EndProject
Project("{FAE04EC0-301F-11D3-BF4B-00C04F79EFBC}") = "NEventStore.Example", "NEventStore.Example\NEventStore.Example.csproj", "{0143B48E-25AF-4CE0-BD49-A52267D359D3}"
EndProject
Project("{FAE04EC0-301F-11D3-BF4B-00C04F79EFBC}") = "NEventStore.PollingClientExample", "NEventStore.PollingClientExample\NEventStore.PollingClientExample.csproj", "{49705881-56D3-447A-92D8-D11CA6085DBD}"
EndProject
Project("{FAE04EC0-301F-11D3-BF4B-00C04F79EFBC}") = "NEventStore.Serialization.Protobuf.Tests", "NEventStore.Serialization.Protobuf.Tests\NEventStore.Serialization.Protobuf.Tests.csproj", "{64DAE8A1-ACAA-4C5F-9AE3-E9A9B1B1472B}"
EndProject
Project("{FAE04EC0-301F-11D3-BF4B-00C04F79EFBC}") = "NEventStore.PCL", "NEventStore.PCL\NEventStore.PCL.csproj", "{184306A0-CD59-46A7-AFE9-301335949328}"
EndProject
Project("{D954291E-2A0B-460D-934E-DC6B0785DB48}") = "NEventStore.Shared", "NEventStore.Shared\NEventStore.Shared.shproj", "{DF1861CB-AF1C-47E8-8306-EE36E38A6DF4}"
EndProject
Project("{FAE04EC0-301F-11D3-BF4B-00C04F79EFBC}") = "NEventStore.iOS", "NEventStore.iOS\NEventStore.iOS.csproj", "{0214FC01-40C3-41E6-BFCF-36DA9FBD51AD}"
EndProject
Project("{FAE04EC0-301F-11D3-BF4B-00C04F79EFBC}") = "NEventStore.Droid", "NEventStore.Droid\NEventStore.Droid.csproj", "{B0C675BB-763D-4B50-9979-01CBCFB790F6}"
EndProject
Project("{FAE04EC0-301F-11D3-BF4B-00C04F79EFBC}") = "NEventStore.UWP", "NEventStore.UWP\NEventStore.UWP.csproj", "{51CEFD3D-BB3B-426C-8C51-04FDE5D6BB7F}"
EndProject
Global
	GlobalSection(SharedMSBuildProjectFiles) = preSolution
		NEventStore.Shared\NEventStore.Shared.projitems*{0214fc01-40c3-41e6-bfcf-36da9fbd51ad}*SharedItemsImports = 4
		NEventStore.Shared\NEventStore.Shared.projitems*{03946843-f343-419c-88ef-3e446d08dfa6}*SharedItemsImports = 4
		NEventStore.Shared\NEventStore.Shared.projitems*{184306a0-cd59-46a7-afe9-301335949328}*SharedItemsImports = 4
		NEventStore.Shared\NEventStore.Shared.projitems*{51cefd3d-bb3b-426c-8c51-04fde5d6bb7f}*SharedItemsImports = 4
		NEventStore.Shared\NEventStore.Shared.projitems*{b0c675bb-763d-4b50-9979-01cbcfb790f6}*SharedItemsImports = 4
		NEventStore.Shared\NEventStore.Shared.projitems*{df1861cb-af1c-47e8-8306-ee36e38a6df4}*SharedItemsImports = 13
	EndGlobalSection
	GlobalSection(SolutionConfigurationPlatforms) = preSolution
		Debug|Any CPU = Debug|Any CPU
		Debug|ARM = Debug|ARM
		Debug|x64 = Debug|x64
		Debug|x86 = Debug|x86
		Release|Any CPU = Release|Any CPU
		Release|ARM = Release|ARM
		Release|x64 = Release|x64
		Release|x86 = Release|x86
	EndGlobalSection
	GlobalSection(ProjectConfigurationPlatforms) = postSolution
		{03946843-F343-419C-88EF-3E446D08DFA6}.Debug|Any CPU.ActiveCfg = Debug|Any CPU
		{03946843-F343-419C-88EF-3E446D08DFA6}.Debug|Any CPU.Build.0 = Debug|Any CPU
		{03946843-F343-419C-88EF-3E446D08DFA6}.Debug|ARM.ActiveCfg = Debug|Any CPU
		{03946843-F343-419C-88EF-3E446D08DFA6}.Debug|ARM.Build.0 = Debug|Any CPU
		{03946843-F343-419C-88EF-3E446D08DFA6}.Debug|x64.ActiveCfg = Debug|Any CPU
		{03946843-F343-419C-88EF-3E446D08DFA6}.Debug|x64.Build.0 = Debug|Any CPU
		{03946843-F343-419C-88EF-3E446D08DFA6}.Debug|x86.ActiveCfg = Debug|Any CPU
		{03946843-F343-419C-88EF-3E446D08DFA6}.Debug|x86.Build.0 = Debug|Any CPU
		{03946843-F343-419C-88EF-3E446D08DFA6}.Release|Any CPU.ActiveCfg = Release|Any CPU
		{03946843-F343-419C-88EF-3E446D08DFA6}.Release|Any CPU.Build.0 = Release|Any CPU
		{03946843-F343-419C-88EF-3E446D08DFA6}.Release|ARM.ActiveCfg = Release|Any CPU
		{03946843-F343-419C-88EF-3E446D08DFA6}.Release|ARM.Build.0 = Release|Any CPU
		{03946843-F343-419C-88EF-3E446D08DFA6}.Release|x64.ActiveCfg = Release|Any CPU
		{03946843-F343-419C-88EF-3E446D08DFA6}.Release|x64.Build.0 = Release|Any CPU
		{03946843-F343-419C-88EF-3E446D08DFA6}.Release|x86.ActiveCfg = Release|Any CPU
		{03946843-F343-419C-88EF-3E446D08DFA6}.Release|x86.Build.0 = Release|Any CPU
		{3FE594FE-16FF-4405-97D5-5A58FB12520B}.Debug|Any CPU.ActiveCfg = Debug|Any CPU
		{3FE594FE-16FF-4405-97D5-5A58FB12520B}.Debug|Any CPU.Build.0 = Debug|Any CPU
		{3FE594FE-16FF-4405-97D5-5A58FB12520B}.Debug|ARM.ActiveCfg = Debug|Any CPU
		{3FE594FE-16FF-4405-97D5-5A58FB12520B}.Debug|ARM.Build.0 = Debug|Any CPU
		{3FE594FE-16FF-4405-97D5-5A58FB12520B}.Debug|x64.ActiveCfg = Debug|Any CPU
		{3FE594FE-16FF-4405-97D5-5A58FB12520B}.Debug|x64.Build.0 = Debug|Any CPU
		{3FE594FE-16FF-4405-97D5-5A58FB12520B}.Debug|x86.ActiveCfg = Debug|Any CPU
		{3FE594FE-16FF-4405-97D5-5A58FB12520B}.Debug|x86.Build.0 = Debug|Any CPU
		{3FE594FE-16FF-4405-97D5-5A58FB12520B}.Release|Any CPU.ActiveCfg = Release|Any CPU
		{3FE594FE-16FF-4405-97D5-5A58FB12520B}.Release|Any CPU.Build.0 = Release|Any CPU
		{3FE594FE-16FF-4405-97D5-5A58FB12520B}.Release|ARM.ActiveCfg = Release|Any CPU
		{3FE594FE-16FF-4405-97D5-5A58FB12520B}.Release|ARM.Build.0 = Release|Any CPU
		{3FE594FE-16FF-4405-97D5-5A58FB12520B}.Release|x64.ActiveCfg = Release|Any CPU
		{3FE594FE-16FF-4405-97D5-5A58FB12520B}.Release|x64.Build.0 = Release|Any CPU
		{3FE594FE-16FF-4405-97D5-5A58FB12520B}.Release|x86.ActiveCfg = Release|Any CPU
		{3FE594FE-16FF-4405-97D5-5A58FB12520B}.Release|x86.Build.0 = Release|Any CPU
		{41BD8E8F-F530-48CB-A07B-92E65C8C742E}.Debug|Any CPU.ActiveCfg = Debug|Any CPU
		{41BD8E8F-F530-48CB-A07B-92E65C8C742E}.Debug|Any CPU.Build.0 = Debug|Any CPU
		{41BD8E8F-F530-48CB-A07B-92E65C8C742E}.Debug|ARM.ActiveCfg = Debug|Any CPU
		{41BD8E8F-F530-48CB-A07B-92E65C8C742E}.Debug|ARM.Build.0 = Debug|Any CPU
		{41BD8E8F-F530-48CB-A07B-92E65C8C742E}.Debug|x64.ActiveCfg = Debug|Any CPU
		{41BD8E8F-F530-48CB-A07B-92E65C8C742E}.Debug|x64.Build.0 = Debug|Any CPU
		{41BD8E8F-F530-48CB-A07B-92E65C8C742E}.Debug|x86.ActiveCfg = Debug|Any CPU
		{41BD8E8F-F530-48CB-A07B-92E65C8C742E}.Debug|x86.Build.0 = Debug|Any CPU
		{41BD8E8F-F530-48CB-A07B-92E65C8C742E}.Release|Any CPU.ActiveCfg = Release|Any CPU
		{41BD8E8F-F530-48CB-A07B-92E65C8C742E}.Release|Any CPU.Build.0 = Release|Any CPU
		{41BD8E8F-F530-48CB-A07B-92E65C8C742E}.Release|ARM.ActiveCfg = Release|Any CPU
		{41BD8E8F-F530-48CB-A07B-92E65C8C742E}.Release|ARM.Build.0 = Release|Any CPU
		{41BD8E8F-F530-48CB-A07B-92E65C8C742E}.Release|x64.ActiveCfg = Release|Any CPU
		{41BD8E8F-F530-48CB-A07B-92E65C8C742E}.Release|x64.Build.0 = Release|Any CPU
		{41BD8E8F-F530-48CB-A07B-92E65C8C742E}.Release|x86.ActiveCfg = Release|Any CPU
		{41BD8E8F-F530-48CB-A07B-92E65C8C742E}.Release|x86.Build.0 = Release|Any CPU
		{C6BFE4FC-4017-438B-AE99-D4D6F6FC4FE5}.Debug|Any CPU.ActiveCfg = Debug|Any CPU
		{C6BFE4FC-4017-438B-AE99-D4D6F6FC4FE5}.Debug|Any CPU.Build.0 = Debug|Any CPU
		{C6BFE4FC-4017-438B-AE99-D4D6F6FC4FE5}.Debug|ARM.ActiveCfg = Debug|Any CPU
		{C6BFE4FC-4017-438B-AE99-D4D6F6FC4FE5}.Debug|ARM.Build.0 = Debug|Any CPU
		{C6BFE4FC-4017-438B-AE99-D4D6F6FC4FE5}.Debug|x64.ActiveCfg = Debug|Any CPU
		{C6BFE4FC-4017-438B-AE99-D4D6F6FC4FE5}.Debug|x64.Build.0 = Debug|Any CPU
		{C6BFE4FC-4017-438B-AE99-D4D6F6FC4FE5}.Debug|x86.ActiveCfg = Debug|Any CPU
		{C6BFE4FC-4017-438B-AE99-D4D6F6FC4FE5}.Debug|x86.Build.0 = Debug|Any CPU
		{C6BFE4FC-4017-438B-AE99-D4D6F6FC4FE5}.Release|Any CPU.ActiveCfg = Release|Any CPU
		{C6BFE4FC-4017-438B-AE99-D4D6F6FC4FE5}.Release|Any CPU.Build.0 = Release|Any CPU
		{C6BFE4FC-4017-438B-AE99-D4D6F6FC4FE5}.Release|ARM.ActiveCfg = Release|Any CPU
		{C6BFE4FC-4017-438B-AE99-D4D6F6FC4FE5}.Release|ARM.Build.0 = Release|Any CPU
		{C6BFE4FC-4017-438B-AE99-D4D6F6FC4FE5}.Release|x64.ActiveCfg = Release|Any CPU
		{C6BFE4FC-4017-438B-AE99-D4D6F6FC4FE5}.Release|x64.Build.0 = Release|Any CPU
		{C6BFE4FC-4017-438B-AE99-D4D6F6FC4FE5}.Release|x86.ActiveCfg = Release|Any CPU
		{C6BFE4FC-4017-438B-AE99-D4D6F6FC4FE5}.Release|x86.Build.0 = Release|Any CPU
		{76554E1F-CAE0-41EB-9C92-A47EC7188714}.Debug|Any CPU.ActiveCfg = Debug|Any CPU
		{76554E1F-CAE0-41EB-9C92-A47EC7188714}.Debug|Any CPU.Build.0 = Debug|Any CPU
		{76554E1F-CAE0-41EB-9C92-A47EC7188714}.Debug|ARM.ActiveCfg = Debug|Any CPU
		{76554E1F-CAE0-41EB-9C92-A47EC7188714}.Debug|ARM.Build.0 = Debug|Any CPU
		{76554E1F-CAE0-41EB-9C92-A47EC7188714}.Debug|x64.ActiveCfg = Debug|Any CPU
		{76554E1F-CAE0-41EB-9C92-A47EC7188714}.Debug|x64.Build.0 = Debug|Any CPU
		{76554E1F-CAE0-41EB-9C92-A47EC7188714}.Debug|x86.ActiveCfg = Debug|Any CPU
		{76554E1F-CAE0-41EB-9C92-A47EC7188714}.Debug|x86.Build.0 = Debug|Any CPU
		{76554E1F-CAE0-41EB-9C92-A47EC7188714}.Release|Any CPU.ActiveCfg = Release|Any CPU
		{76554E1F-CAE0-41EB-9C92-A47EC7188714}.Release|Any CPU.Build.0 = Release|Any CPU
		{76554E1F-CAE0-41EB-9C92-A47EC7188714}.Release|ARM.ActiveCfg = Release|Any CPU
		{76554E1F-CAE0-41EB-9C92-A47EC7188714}.Release|ARM.Build.0 = Release|Any CPU
		{76554E1F-CAE0-41EB-9C92-A47EC7188714}.Release|x64.ActiveCfg = Release|Any CPU
		{76554E1F-CAE0-41EB-9C92-A47EC7188714}.Release|x64.Build.0 = Release|Any CPU
		{76554E1F-CAE0-41EB-9C92-A47EC7188714}.Release|x86.ActiveCfg = Release|Any CPU
		{76554E1F-CAE0-41EB-9C92-A47EC7188714}.Release|x86.Build.0 = Release|Any CPU
		{5BC2809F-2CC0-4152-A3D6-4BF729349103}.Debug|Any CPU.ActiveCfg = Debug|Any CPU
		{5BC2809F-2CC0-4152-A3D6-4BF729349103}.Debug|Any CPU.Build.0 = Debug|Any CPU
		{5BC2809F-2CC0-4152-A3D6-4BF729349103}.Debug|ARM.ActiveCfg = Debug|Any CPU
		{5BC2809F-2CC0-4152-A3D6-4BF729349103}.Debug|ARM.Build.0 = Debug|Any CPU
		{5BC2809F-2CC0-4152-A3D6-4BF729349103}.Debug|x64.ActiveCfg = Debug|Any CPU
		{5BC2809F-2CC0-4152-A3D6-4BF729349103}.Debug|x64.Build.0 = Debug|Any CPU
		{5BC2809F-2CC0-4152-A3D6-4BF729349103}.Debug|x86.ActiveCfg = Debug|Any CPU
		{5BC2809F-2CC0-4152-A3D6-4BF729349103}.Debug|x86.Build.0 = Debug|Any CPU
		{5BC2809F-2CC0-4152-A3D6-4BF729349103}.Release|Any CPU.ActiveCfg = Release|Any CPU
		{5BC2809F-2CC0-4152-A3D6-4BF729349103}.Release|Any CPU.Build.0 = Release|Any CPU
		{5BC2809F-2CC0-4152-A3D6-4BF729349103}.Release|ARM.ActiveCfg = Release|Any CPU
		{5BC2809F-2CC0-4152-A3D6-4BF729349103}.Release|ARM.Build.0 = Release|Any CPU
		{5BC2809F-2CC0-4152-A3D6-4BF729349103}.Release|x64.ActiveCfg = Release|Any CPU
		{5BC2809F-2CC0-4152-A3D6-4BF729349103}.Release|x64.Build.0 = Release|Any CPU
		{5BC2809F-2CC0-4152-A3D6-4BF729349103}.Release|x86.ActiveCfg = Release|Any CPU
		{5BC2809F-2CC0-4152-A3D6-4BF729349103}.Release|x86.Build.0 = Release|Any CPU
		{ED77D452-FE7B-4149-8680-348740DA7B67}.Debug|Any CPU.ActiveCfg = Debug|Any CPU
		{ED77D452-FE7B-4149-8680-348740DA7B67}.Debug|Any CPU.Build.0 = Debug|Any CPU
		{ED77D452-FE7B-4149-8680-348740DA7B67}.Debug|ARM.ActiveCfg = Debug|Any CPU
		{ED77D452-FE7B-4149-8680-348740DA7B67}.Debug|ARM.Build.0 = Debug|Any CPU
		{ED77D452-FE7B-4149-8680-348740DA7B67}.Debug|x64.ActiveCfg = Debug|Any CPU
		{ED77D452-FE7B-4149-8680-348740DA7B67}.Debug|x64.Build.0 = Debug|Any CPU
		{ED77D452-FE7B-4149-8680-348740DA7B67}.Debug|x86.ActiveCfg = Debug|Any CPU
		{ED77D452-FE7B-4149-8680-348740DA7B67}.Debug|x86.Build.0 = Debug|Any CPU
		{ED77D452-FE7B-4149-8680-348740DA7B67}.Release|Any CPU.ActiveCfg = Release|Any CPU
		{ED77D452-FE7B-4149-8680-348740DA7B67}.Release|Any CPU.Build.0 = Release|Any CPU
		{ED77D452-FE7B-4149-8680-348740DA7B67}.Release|ARM.ActiveCfg = Release|Any CPU
		{ED77D452-FE7B-4149-8680-348740DA7B67}.Release|ARM.Build.0 = Release|Any CPU
		{ED77D452-FE7B-4149-8680-348740DA7B67}.Release|x64.ActiveCfg = Release|Any CPU
		{ED77D452-FE7B-4149-8680-348740DA7B67}.Release|x64.Build.0 = Release|Any CPU
		{ED77D452-FE7B-4149-8680-348740DA7B67}.Release|x86.ActiveCfg = Release|Any CPU
		{ED77D452-FE7B-4149-8680-348740DA7B67}.Release|x86.Build.0 = Release|Any CPU
		{785B7EF4-BD47-4F98-9802-DA1C4A55ECA4}.Debug|Any CPU.ActiveCfg = Debug|Any CPU
		{785B7EF4-BD47-4F98-9802-DA1C4A55ECA4}.Debug|Any CPU.Build.0 = Debug|Any CPU
		{785B7EF4-BD47-4F98-9802-DA1C4A55ECA4}.Debug|ARM.ActiveCfg = Debug|Any CPU
		{785B7EF4-BD47-4F98-9802-DA1C4A55ECA4}.Debug|ARM.Build.0 = Debug|Any CPU
		{785B7EF4-BD47-4F98-9802-DA1C4A55ECA4}.Debug|x64.ActiveCfg = Debug|Any CPU
		{785B7EF4-BD47-4F98-9802-DA1C4A55ECA4}.Debug|x64.Build.0 = Debug|Any CPU
		{785B7EF4-BD47-4F98-9802-DA1C4A55ECA4}.Debug|x86.ActiveCfg = Debug|Any CPU
		{785B7EF4-BD47-4F98-9802-DA1C4A55ECA4}.Debug|x86.Build.0 = Debug|Any CPU
		{785B7EF4-BD47-4F98-9802-DA1C4A55ECA4}.Release|Any CPU.ActiveCfg = Release|Any CPU
		{785B7EF4-BD47-4F98-9802-DA1C4A55ECA4}.Release|Any CPU.Build.0 = Release|Any CPU
		{785B7EF4-BD47-4F98-9802-DA1C4A55ECA4}.Release|ARM.ActiveCfg = Release|Any CPU
		{785B7EF4-BD47-4F98-9802-DA1C4A55ECA4}.Release|ARM.Build.0 = Release|Any CPU
		{785B7EF4-BD47-4F98-9802-DA1C4A55ECA4}.Release|x64.ActiveCfg = Release|Any CPU
		{785B7EF4-BD47-4F98-9802-DA1C4A55ECA4}.Release|x64.Build.0 = Release|Any CPU
		{785B7EF4-BD47-4F98-9802-DA1C4A55ECA4}.Release|x86.ActiveCfg = Release|Any CPU
		{785B7EF4-BD47-4F98-9802-DA1C4A55ECA4}.Release|x86.Build.0 = Release|Any CPU
		{0143B48E-25AF-4CE0-BD49-A52267D359D3}.Debug|Any CPU.ActiveCfg = Debug|Any CPU
		{0143B48E-25AF-4CE0-BD49-A52267D359D3}.Debug|Any CPU.Build.0 = Debug|Any CPU
		{0143B48E-25AF-4CE0-BD49-A52267D359D3}.Debug|ARM.ActiveCfg = Debug|Any CPU
		{0143B48E-25AF-4CE0-BD49-A52267D359D3}.Debug|ARM.Build.0 = Debug|Any CPU
		{0143B48E-25AF-4CE0-BD49-A52267D359D3}.Debug|x64.ActiveCfg = Debug|Any CPU
		{0143B48E-25AF-4CE0-BD49-A52267D359D3}.Debug|x64.Build.0 = Debug|Any CPU
		{0143B48E-25AF-4CE0-BD49-A52267D359D3}.Debug|x86.ActiveCfg = Debug|Any CPU
		{0143B48E-25AF-4CE0-BD49-A52267D359D3}.Debug|x86.Build.0 = Debug|Any CPU
		{0143B48E-25AF-4CE0-BD49-A52267D359D3}.Release|Any CPU.ActiveCfg = Release|Any CPU
		{0143B48E-25AF-4CE0-BD49-A52267D359D3}.Release|Any CPU.Build.0 = Release|Any CPU
		{0143B48E-25AF-4CE0-BD49-A52267D359D3}.Release|ARM.ActiveCfg = Release|Any CPU
		{0143B48E-25AF-4CE0-BD49-A52267D359D3}.Release|ARM.Build.0 = Release|Any CPU
		{0143B48E-25AF-4CE0-BD49-A52267D359D3}.Release|x64.ActiveCfg = Release|Any CPU
		{0143B48E-25AF-4CE0-BD49-A52267D359D3}.Release|x64.Build.0 = Release|Any CPU
		{0143B48E-25AF-4CE0-BD49-A52267D359D3}.Release|x86.ActiveCfg = Release|Any CPU
		{0143B48E-25AF-4CE0-BD49-A52267D359D3}.Release|x86.Build.0 = Release|Any CPU
		{49705881-56D3-447A-92D8-D11CA6085DBD}.Debug|Any CPU.ActiveCfg = Debug|Any CPU
		{49705881-56D3-447A-92D8-D11CA6085DBD}.Debug|Any CPU.Build.0 = Debug|Any CPU
		{49705881-56D3-447A-92D8-D11CA6085DBD}.Debug|ARM.ActiveCfg = Debug|Any CPU
		{49705881-56D3-447A-92D8-D11CA6085DBD}.Debug|ARM.Build.0 = Debug|Any CPU
		{49705881-56D3-447A-92D8-D11CA6085DBD}.Debug|x64.ActiveCfg = Debug|Any CPU
		{49705881-56D3-447A-92D8-D11CA6085DBD}.Debug|x64.Build.0 = Debug|Any CPU
		{49705881-56D3-447A-92D8-D11CA6085DBD}.Debug|x86.ActiveCfg = Debug|Any CPU
		{49705881-56D3-447A-92D8-D11CA6085DBD}.Debug|x86.Build.0 = Debug|Any CPU
		{49705881-56D3-447A-92D8-D11CA6085DBD}.Release|Any CPU.ActiveCfg = Release|Any CPU
		{49705881-56D3-447A-92D8-D11CA6085DBD}.Release|Any CPU.Build.0 = Release|Any CPU
		{49705881-56D3-447A-92D8-D11CA6085DBD}.Release|ARM.ActiveCfg = Release|Any CPU
		{49705881-56D3-447A-92D8-D11CA6085DBD}.Release|ARM.Build.0 = Release|Any CPU
		{49705881-56D3-447A-92D8-D11CA6085DBD}.Release|x64.ActiveCfg = Release|Any CPU
		{49705881-56D3-447A-92D8-D11CA6085DBD}.Release|x64.Build.0 = Release|Any CPU
		{49705881-56D3-447A-92D8-D11CA6085DBD}.Release|x86.ActiveCfg = Release|Any CPU
		{49705881-56D3-447A-92D8-D11CA6085DBD}.Release|x86.Build.0 = Release|Any CPU
		{64DAE8A1-ACAA-4C5F-9AE3-E9A9B1B1472B}.Debug|Any CPU.ActiveCfg = Debug|Any CPU
		{64DAE8A1-ACAA-4C5F-9AE3-E9A9B1B1472B}.Debug|Any CPU.Build.0 = Debug|Any CPU
		{64DAE8A1-ACAA-4C5F-9AE3-E9A9B1B1472B}.Debug|ARM.ActiveCfg = Debug|Any CPU
		{64DAE8A1-ACAA-4C5F-9AE3-E9A9B1B1472B}.Debug|ARM.Build.0 = Debug|Any CPU
		{64DAE8A1-ACAA-4C5F-9AE3-E9A9B1B1472B}.Debug|x64.ActiveCfg = Debug|Any CPU
		{64DAE8A1-ACAA-4C5F-9AE3-E9A9B1B1472B}.Debug|x64.Build.0 = Debug|Any CPU
		{64DAE8A1-ACAA-4C5F-9AE3-E9A9B1B1472B}.Debug|x86.ActiveCfg = Debug|Any CPU
		{64DAE8A1-ACAA-4C5F-9AE3-E9A9B1B1472B}.Debug|x86.Build.0 = Debug|Any CPU
		{64DAE8A1-ACAA-4C5F-9AE3-E9A9B1B1472B}.Release|Any CPU.ActiveCfg = Release|Any CPU
		{64DAE8A1-ACAA-4C5F-9AE3-E9A9B1B1472B}.Release|Any CPU.Build.0 = Release|Any CPU
		{64DAE8A1-ACAA-4C5F-9AE3-E9A9B1B1472B}.Release|ARM.ActiveCfg = Release|Any CPU
		{64DAE8A1-ACAA-4C5F-9AE3-E9A9B1B1472B}.Release|ARM.Build.0 = Release|Any CPU
		{64DAE8A1-ACAA-4C5F-9AE3-E9A9B1B1472B}.Release|x64.ActiveCfg = Release|Any CPU
		{64DAE8A1-ACAA-4C5F-9AE3-E9A9B1B1472B}.Release|x64.Build.0 = Release|Any CPU
		{64DAE8A1-ACAA-4C5F-9AE3-E9A9B1B1472B}.Release|x86.ActiveCfg = Release|Any CPU
		{64DAE8A1-ACAA-4C5F-9AE3-E9A9B1B1472B}.Release|x86.Build.0 = Release|Any CPU
		{184306A0-CD59-46A7-AFE9-301335949328}.Debug|Any CPU.ActiveCfg = Debug|Any CPU
		{184306A0-CD59-46A7-AFE9-301335949328}.Debug|Any CPU.Build.0 = Debug|Any CPU
		{184306A0-CD59-46A7-AFE9-301335949328}.Debug|ARM.ActiveCfg = Debug|Any CPU
		{184306A0-CD59-46A7-AFE9-301335949328}.Debug|ARM.Build.0 = Debug|Any CPU
		{184306A0-CD59-46A7-AFE9-301335949328}.Debug|x64.ActiveCfg = Debug|Any CPU
		{184306A0-CD59-46A7-AFE9-301335949328}.Debug|x64.Build.0 = Debug|Any CPU
		{184306A0-CD59-46A7-AFE9-301335949328}.Debug|x86.ActiveCfg = Debug|Any CPU
		{184306A0-CD59-46A7-AFE9-301335949328}.Debug|x86.Build.0 = Debug|Any CPU
		{184306A0-CD59-46A7-AFE9-301335949328}.Release|Any CPU.ActiveCfg = Release|Any CPU
		{184306A0-CD59-46A7-AFE9-301335949328}.Release|Any CPU.Build.0 = Release|Any CPU
		{184306A0-CD59-46A7-AFE9-301335949328}.Release|ARM.ActiveCfg = Release|Any CPU
		{184306A0-CD59-46A7-AFE9-301335949328}.Release|ARM.Build.0 = Release|Any CPU
		{184306A0-CD59-46A7-AFE9-301335949328}.Release|x64.ActiveCfg = Release|Any CPU
		{184306A0-CD59-46A7-AFE9-301335949328}.Release|x64.Build.0 = Release|Any CPU
		{184306A0-CD59-46A7-AFE9-301335949328}.Release|x86.ActiveCfg = Release|Any CPU
		{184306A0-CD59-46A7-AFE9-301335949328}.Release|x86.Build.0 = Release|Any CPU
		{0214FC01-40C3-41E6-BFCF-36DA9FBD51AD}.Debug|Any CPU.ActiveCfg = Debug|Any CPU
		{0214FC01-40C3-41E6-BFCF-36DA9FBD51AD}.Debug|Any CPU.Build.0 = Debug|Any CPU
		{0214FC01-40C3-41E6-BFCF-36DA9FBD51AD}.Debug|ARM.ActiveCfg = Debug|Any CPU
		{0214FC01-40C3-41E6-BFCF-36DA9FBD51AD}.Debug|ARM.Build.0 = Debug|Any CPU
		{0214FC01-40C3-41E6-BFCF-36DA9FBD51AD}.Debug|x64.ActiveCfg = Debug|Any CPU
		{0214FC01-40C3-41E6-BFCF-36DA9FBD51AD}.Debug|x64.Build.0 = Debug|Any CPU
		{0214FC01-40C3-41E6-BFCF-36DA9FBD51AD}.Debug|x86.ActiveCfg = Debug|Any CPU
		{0214FC01-40C3-41E6-BFCF-36DA9FBD51AD}.Debug|x86.Build.0 = Debug|Any CPU
		{0214FC01-40C3-41E6-BFCF-36DA9FBD51AD}.Release|Any CPU.ActiveCfg = Release|Any CPU
		{0214FC01-40C3-41E6-BFCF-36DA9FBD51AD}.Release|Any CPU.Build.0 = Release|Any CPU
		{0214FC01-40C3-41E6-BFCF-36DA9FBD51AD}.Release|ARM.ActiveCfg = Release|Any CPU
		{0214FC01-40C3-41E6-BFCF-36DA9FBD51AD}.Release|ARM.Build.0 = Release|Any CPU
		{0214FC01-40C3-41E6-BFCF-36DA9FBD51AD}.Release|x64.ActiveCfg = Release|Any CPU
		{0214FC01-40C3-41E6-BFCF-36DA9FBD51AD}.Release|x64.Build.0 = Release|Any CPU
		{0214FC01-40C3-41E6-BFCF-36DA9FBD51AD}.Release|x86.ActiveCfg = Release|Any CPU
		{0214FC01-40C3-41E6-BFCF-36DA9FBD51AD}.Release|x86.Build.0 = Release|Any CPU
		{B0C675BB-763D-4B50-9979-01CBCFB790F6}.Debug|Any CPU.ActiveCfg = Debug|Any CPU
		{B0C675BB-763D-4B50-9979-01CBCFB790F6}.Debug|Any CPU.Build.0 = Debug|Any CPU
		{B0C675BB-763D-4B50-9979-01CBCFB790F6}.Debug|ARM.ActiveCfg = Debug|Any CPU
		{B0C675BB-763D-4B50-9979-01CBCFB790F6}.Debug|ARM.Build.0 = Debug|Any CPU
		{B0C675BB-763D-4B50-9979-01CBCFB790F6}.Debug|x64.ActiveCfg = Debug|Any CPU
		{B0C675BB-763D-4B50-9979-01CBCFB790F6}.Debug|x64.Build.0 = Debug|Any CPU
		{B0C675BB-763D-4B50-9979-01CBCFB790F6}.Debug|x86.ActiveCfg = Debug|Any CPU
		{B0C675BB-763D-4B50-9979-01CBCFB790F6}.Debug|x86.Build.0 = Debug|Any CPU
		{B0C675BB-763D-4B50-9979-01CBCFB790F6}.Release|Any CPU.ActiveCfg = Release|Any CPU
		{B0C675BB-763D-4B50-9979-01CBCFB790F6}.Release|Any CPU.Build.0 = Release|Any CPU
		{B0C675BB-763D-4B50-9979-01CBCFB790F6}.Release|ARM.ActiveCfg = Release|Any CPU
		{B0C675BB-763D-4B50-9979-01CBCFB790F6}.Release|ARM.Build.0 = Release|Any CPU
		{B0C675BB-763D-4B50-9979-01CBCFB790F6}.Release|x64.ActiveCfg = Release|Any CPU
		{B0C675BB-763D-4B50-9979-01CBCFB790F6}.Release|x64.Build.0 = Release|Any CPU
		{B0C675BB-763D-4B50-9979-01CBCFB790F6}.Release|x86.ActiveCfg = Release|Any CPU
		{B0C675BB-763D-4B50-9979-01CBCFB790F6}.Release|x86.Build.0 = Release|Any CPU
		{51CEFD3D-BB3B-426C-8C51-04FDE5D6BB7F}.Debug|Any CPU.ActiveCfg = Debug|Any CPU
		{51CEFD3D-BB3B-426C-8C51-04FDE5D6BB7F}.Debug|Any CPU.Build.0 = Debug|Any CPU
		{51CEFD3D-BB3B-426C-8C51-04FDE5D6BB7F}.Debug|ARM.ActiveCfg = Debug|ARM
		{51CEFD3D-BB3B-426C-8C51-04FDE5D6BB7F}.Debug|ARM.Build.0 = Debug|ARM
		{51CEFD3D-BB3B-426C-8C51-04FDE5D6BB7F}.Debug|x64.ActiveCfg = Debug|x64
		{51CEFD3D-BB3B-426C-8C51-04FDE5D6BB7F}.Debug|x64.Build.0 = Debug|x64
		{51CEFD3D-BB3B-426C-8C51-04FDE5D6BB7F}.Debug|x86.ActiveCfg = Debug|x86
		{51CEFD3D-BB3B-426C-8C51-04FDE5D6BB7F}.Debug|x86.Build.0 = Debug|x86
		{51CEFD3D-BB3B-426C-8C51-04FDE5D6BB7F}.Release|Any CPU.ActiveCfg = Release|Any CPU
		{51CEFD3D-BB3B-426C-8C51-04FDE5D6BB7F}.Release|Any CPU.Build.0 = Release|Any CPU
		{51CEFD3D-BB3B-426C-8C51-04FDE5D6BB7F}.Release|ARM.ActiveCfg = Release|ARM
		{51CEFD3D-BB3B-426C-8C51-04FDE5D6BB7F}.Release|ARM.Build.0 = Release|ARM
		{51CEFD3D-BB3B-426C-8C51-04FDE5D6BB7F}.Release|x64.ActiveCfg = Release|x64
		{51CEFD3D-BB3B-426C-8C51-04FDE5D6BB7F}.Release|x64.Build.0 = Release|x64
		{51CEFD3D-BB3B-426C-8C51-04FDE5D6BB7F}.Release|x86.ActiveCfg = Release|x86
		{51CEFD3D-BB3B-426C-8C51-04FDE5D6BB7F}.Release|x86.Build.0 = Release|x86
	EndGlobalSection
	GlobalSection(SolutionProperties) = preSolution
		HideSolutionNode = FALSE
	EndGlobalSection
	GlobalSection(NestedProjects) = preSolution
		{03946843-F343-419C-88EF-3E446D08DFA6} = {D35087BF-941A-49EA-96A8-B10457C4D169}
		{3FE594FE-16FF-4405-97D5-5A58FB12520B} = {D3C17830-A461-4BA5-A672-461B19B33936}
		{41BD8E8F-F530-48CB-A07B-92E65C8C742E} = {52F7988F-452D-46C2-A144-D85E0CF371C6}
		{C6BFE4FC-4017-438B-AE99-D4D6F6FC4FE5} = {52F7988F-452D-46C2-A144-D85E0CF371C6}
		{76554E1F-CAE0-41EB-9C92-A47EC7188714} = {52F7988F-452D-46C2-A144-D85E0CF371C6}
		{5BC2809F-2CC0-4152-A3D6-4BF729349103} = {52F7988F-452D-46C2-A144-D85E0CF371C6}
		{ED77D452-FE7B-4149-8680-348740DA7B67} = {52F7988F-452D-46C2-A144-D85E0CF371C6}
		{785B7EF4-BD47-4F98-9802-DA1C4A55ECA4} = {D35087BF-941A-49EA-96A8-B10457C4D169}
		{0143B48E-25AF-4CE0-BD49-A52267D359D3} = {CD37080A-F48D-4E5D-B7C6-B9F86BB05A38}
		{49705881-56D3-447A-92D8-D11CA6085DBD} = {CD37080A-F48D-4E5D-B7C6-B9F86BB05A38}
		{64DAE8A1-ACAA-4C5F-9AE3-E9A9B1B1472B} = {52F7988F-452D-46C2-A144-D85E0CF371C6}
		{184306A0-CD59-46A7-AFE9-301335949328} = {D35087BF-941A-49EA-96A8-B10457C4D169}
		{DF1861CB-AF1C-47E8-8306-EE36E38A6DF4} = {D35087BF-941A-49EA-96A8-B10457C4D169}
		{0214FC01-40C3-41E6-BFCF-36DA9FBD51AD} = {D35087BF-941A-49EA-96A8-B10457C4D169}
		{B0C675BB-763D-4B50-9979-01CBCFB790F6} = {D35087BF-941A-49EA-96A8-B10457C4D169}
		{51CEFD3D-BB3B-426C-8C51-04FDE5D6BB7F} = {D35087BF-941A-49EA-96A8-B10457C4D169}
	EndGlobalSection
EndGlobal
